
Microsoft Visual Studio Solution File, Format Version 12.00
# Visual Studio 15
VisualStudioVersion = 15.0.28307.645
MinimumVisualStudioVersion = 10.0.40219.1
Project("{9A19103F-16F7-4668-BE54-9A1E7A4F7556}") = "ext_pp", "ext_pp\ext_pp.csproj", "{7A956F8B-247B-4B32-90E5-56C8D8E15CE0}"
EndProject
Project("{9A19103F-16F7-4668-BE54-9A1E7A4F7556}") = "ext_pp_tests", "ext_pp_tests\ext_pp_tests.csproj", "{4A134578-D442-4996-A07A-9A05BED69517}"
EndProject
Project("{9A19103F-16F7-4668-BE54-9A1E7A4F7556}") = "ext_pp_plugins", "ext_pp_plugins\ext_pp_plugins.csproj", "{C9967A1B-4239-4C7B-9862-3DE4A63757F3}"
EndProject
Project("{9A19103F-16F7-4668-BE54-9A1E7A4F7556}") = "ext_pp_base", "ext_pp_base\ext_pp_base.csproj", "{41A82B2C-F9C2-4999-97FA-A729A29843EF}"
EndProject
Project("{FAE04EC0-301F-11D3-BF4B-00C04F79EFBC}") = "ext_pp_cli", "ext_pp_cli\ext_pp_cli.csproj", "{98B2DEE9-D862-4E12-ACB9-8A836B3E5F1F}"
EndProject
Global
	GlobalSection(SolutionConfigurationPlatforms) = preSolution
		Debug|Any CPU = Debug|Any CPU
		Release|Any CPU = Release|Any CPU
	EndGlobalSection
	GlobalSection(ProjectConfigurationPlatforms) = postSolution
		{7A956F8B-247B-4B32-90E5-56C8D8E15CE0}.Debug|Any CPU.ActiveCfg = Debug|Any CPU
		{7A956F8B-247B-4B32-90E5-56C8D8E15CE0}.Debug|Any CPU.Build.0 = Debug|Any CPU
		{7A956F8B-247B-4B32-90E5-56C8D8E15CE0}.Release|Any CPU.ActiveCfg = Release|Any CPU
		{7A956F8B-247B-4B32-90E5-56C8D8E15CE0}.Release|Any CPU.Build.0 = Release|Any CPU
		{4A134578-D442-4996-A07A-9A05BED69517}.Debug|Any CPU.ActiveCfg = Debug|Any CPU
		{4A134578-D442-4996-A07A-9A05BED69517}.Debug|Any CPU.Build.0 = Debug|Any CPU
		{4A134578-D442-4996-A07A-9A05BED69517}.Release|Any CPU.ActiveCfg = Release|Any CPU
		{4A134578-D442-4996-A07A-9A05BED69517}.Release|Any CPU.Build.0 = Release|Any CPU
		{C9967A1B-4239-4C7B-9862-3DE4A63757F3}.Debug|Any CPU.ActiveCfg = Debug|Any CPU
		{C9967A1B-4239-4C7B-9862-3DE4A63757F3}.Debug|Any CPU.Build.0 = Debug|Any CPU
		{C9967A1B-4239-4C7B-9862-3DE4A63757F3}.Release|Any CPU.ActiveCfg = Release|Any CPU
		{C9967A1B-4239-4C7B-9862-3DE4A63757F3}.Release|Any CPU.Build.0 = Release|Any CPU
		{41A82B2C-F9C2-4999-97FA-A729A29843EF}.Debug|Any CPU.ActiveCfg = Debug|Any CPU
		{41A82B2C-F9C2-4999-97FA-A729A29843EF}.Debug|Any CPU.Build.0 = Debug|Any CPU
		{41A82B2C-F9C2-4999-97FA-A729A29843EF}.Release|Any CPU.ActiveCfg = Release|Any CPU
		{41A82B2C-F9C2-4999-97FA-A729A29843EF}.Release|Any CPU.Build.0 = Release|Any CPU
		{98B2DEE9-D862-4E12-ACB9-8A836B3E5F1F}.Debug|Any CPU.ActiveCfg = Debug|Any CPU
		{98B2DEE9-D862-4E12-ACB9-8A836B3E5F1F}.Debug|Any CPU.Build.0 = Debug|Any CPU
		{98B2DEE9-D862-4E12-ACB9-8A836B3E5F1F}.Release|Any CPU.ActiveCfg = Release|Any CPU
		{98B2DEE9-D862-4E12-ACB9-8A836B3E5F1F}.Release|Any CPU.Build.0 = Release|Any CPU
	EndGlobalSection
	GlobalSection(SolutionProperties) = preSolution
		HideSolutionNode = FALSE
	EndGlobalSection
	GlobalSection(ExtensibilityGlobals) = postSolution
		SolutionGuid = {AC1D5E23-B839-4508-BF7E-42968BBA0A91}
	EndGlobalSection
EndGlobal
