
Microsoft Visual Studio Solution File, Format Version 12.00
# Visual Studio 15
VisualStudioVersion = 15.0.28307.645
MinimumVisualStudioVersion = 10.0.40219.1
Project("{9A19103F-16F7-4668-BE54-9A1E7A4F7556}") = "ext_pp_tests", "ext_pp_tests\ext_pp_tests.csproj", "{4A134578-D442-4996-A07A-9A05BED69517}"
EndProject
Project("{9A19103F-16F7-4668-BE54-9A1E7A4F7556}") = "ext_pp", "ext_pp\ext_pp.csproj", "{C2B00F08-4D4C-441B-88D1-45EDB3A8D05E}"
EndProject
Project("{9A19103F-16F7-4668-BE54-9A1E7A4F7556}") = "ext_pp_base", "ext_pp_base\ext_pp_base.csproj", "{9F347AD4-CD04-40B5-9D40-C93C04F130A8}"
EndProject
Project("{9A19103F-16F7-4668-BE54-9A1E7A4F7556}") = "ext_pp_plugins", "ext_pp_plugins\ext_pp_plugins.csproj", "{428D2A04-6F89-46FC-B42B-467D8FD9130B}"
EndProject
Project("{9A19103F-16F7-4668-BE54-9A1E7A4F7556}") = "ext_pp_cli_core", "ext_pp_cli_core\ext_pp_cli_core.csproj", "{40B0C3E1-24DC-4DA7-BF72-3D9FBEA60987}"
EndProject
Project("{FAE04EC0-301F-11D3-BF4B-00C04F79EFBC}") = "ext_pp_cli", "ext_pp_cli\ext_pp_cli.csproj", "{17A7DAF7-985E-4BFE-91D4-D6A80D394DAC}"
EndProject
Project("{9A19103F-16F7-4668-BE54-9A1E7A4F7556}") = "CommandRunner", "CommandRunner\CommandRunner\CommandRunner.csproj", "{7AAA4B33-8B7F-4056-A6F6-88B628A2B6BC}"
EndProject
Project("{2150E333-8FDC-42A3-9474-1A3956D46DE8}") = "plugins", "plugins", "{F0EE5761-B852-43D1-B27A-5837CD5DD97E}"
EndProject
Project("{FAE04EC0-301F-11D3-BF4B-00C04F79EFBC}") = "BlankLineRemover", "BlankLineRemover\BlankLineRemover.csproj", "{5207F48F-2F9C-44F6-9F62-2BD17C58A8C0}"
EndProject
Project("{FAE04EC0-301F-11D3-BF4B-00C04F79EFBC}") = "ChangeCharCase", "ChangeCharCase\ChangeCharCase.csproj", "{A5800750-BD7B-4987-ADBA-E9F944206640}"
EndProject
Project("{FAE04EC0-301F-11D3-BF4B-00C04F79EFBC}") = "ConditionalPlugin", "ConditionalPlugin\ConditionalPlugin.csproj", "{74DE86F0-2F9E-41FD-AEB6-709FF177CA24}"
EndProject
Project("{FAE04EC0-301F-11D3-BF4B-00C04F79EFBC}") = "ExceptionPlugin", "ExceptionPlugin\ExceptionPlugin.csproj", "{12EA7D60-B9B5-4833-924C-D3F9F6586A20}"
EndProject
Project("{FAE04EC0-301F-11D3-BF4B-00C04F79EFBC}") = "FakeGenericsPlugin", "FakeGenericsPlugin\FakeGenericsPlugin.csproj", "{878D491A-F5CB-4BD9-A276-3C55C45B6EC7}"
EndProject
Project("{FAE04EC0-301F-11D3-BF4B-00C04F79EFBC}") = "IncludePlugin", "IncludePlugin\IncludePlugin.csproj", "{F720C648-171E-4E3C-BAE3-17C726C8EDB8}"
EndProject
Project("{FAE04EC0-301F-11D3-BF4B-00C04F79EFBC}") = "KeyWordReplacer", "KeyWordReplacer\KeyWordReplacer.csproj", "{1D1FB442-F609-49CE-8F88-3754E340358B}"
EndProject
Project("{FAE04EC0-301F-11D3-BF4B-00C04F79EFBC}") = "MultiLinePlugin", "MultiLinePlugin\MultiLinePlugin.csproj", "{F828AD64-A0C5-463D-A45A-6E395774790D}"
EndProject
Project("{FAE04EC0-301F-11D3-BF4B-00C04F79EFBC}") = "TextEncoderPlugin", "TextEncoderPlugin\TextEncoderPlugin.csproj", "{827A1734-CAE4-484E-9C46-04D20D063EE0}"
EndProject
Project("{FAE04EC0-301F-11D3-BF4B-00C04F79EFBC}") = "DefaultChainCollection", "DefaultChainCollection\DefaultChainCollection.csproj", "{404CB5A1-6905-42FE-9CA3-6480AE573707}"
EndProject
Global
	GlobalSection(SolutionConfigurationPlatforms) = preSolution
		Debug|Any CPU = Debug|Any CPU
		Release|Any CPU = Release|Any CPU
	EndGlobalSection
	GlobalSection(ProjectConfigurationPlatforms) = postSolution
		{4A134578-D442-4996-A07A-9A05BED69517}.Debug|Any CPU.ActiveCfg = Debug|Any CPU
		{4A134578-D442-4996-A07A-9A05BED69517}.Debug|Any CPU.Build.0 = Debug|Any CPU
		{4A134578-D442-4996-A07A-9A05BED69517}.Release|Any CPU.ActiveCfg = Release|Any CPU
		{4A134578-D442-4996-A07A-9A05BED69517}.Release|Any CPU.Build.0 = Release|Any CPU
		{C2B00F08-4D4C-441B-88D1-45EDB3A8D05E}.Debug|Any CPU.ActiveCfg = Debug|Any CPU
		{C2B00F08-4D4C-441B-88D1-45EDB3A8D05E}.Debug|Any CPU.Build.0 = Debug|Any CPU
		{C2B00F08-4D4C-441B-88D1-45EDB3A8D05E}.Release|Any CPU.ActiveCfg = Release|Any CPU
		{C2B00F08-4D4C-441B-88D1-45EDB3A8D05E}.Release|Any CPU.Build.0 = Release|Any CPU
		{9F347AD4-CD04-40B5-9D40-C93C04F130A8}.Debug|Any CPU.ActiveCfg = Debug|Any CPU
		{9F347AD4-CD04-40B5-9D40-C93C04F130A8}.Debug|Any CPU.Build.0 = Debug|Any CPU
		{9F347AD4-CD04-40B5-9D40-C93C04F130A8}.Release|Any CPU.ActiveCfg = Release|Any CPU
		{9F347AD4-CD04-40B5-9D40-C93C04F130A8}.Release|Any CPU.Build.0 = Release|Any CPU
		{428D2A04-6F89-46FC-B42B-467D8FD9130B}.Debug|Any CPU.ActiveCfg = Debug|Any CPU
		{428D2A04-6F89-46FC-B42B-467D8FD9130B}.Debug|Any CPU.Build.0 = Debug|Any CPU
		{428D2A04-6F89-46FC-B42B-467D8FD9130B}.Release|Any CPU.ActiveCfg = Release|Any CPU
		{428D2A04-6F89-46FC-B42B-467D8FD9130B}.Release|Any CPU.Build.0 = Release|Any CPU
		{40B0C3E1-24DC-4DA7-BF72-3D9FBEA60987}.Debug|Any CPU.ActiveCfg = Debug|Any CPU
		{40B0C3E1-24DC-4DA7-BF72-3D9FBEA60987}.Debug|Any CPU.Build.0 = Debug|Any CPU
		{40B0C3E1-24DC-4DA7-BF72-3D9FBEA60987}.Release|Any CPU.ActiveCfg = Release|Any CPU
		{40B0C3E1-24DC-4DA7-BF72-3D9FBEA60987}.Release|Any CPU.Build.0 = Release|Any CPU
		{17A7DAF7-985E-4BFE-91D4-D6A80D394DAC}.Debug|Any CPU.ActiveCfg = Debug|Any CPU
		{17A7DAF7-985E-4BFE-91D4-D6A80D394DAC}.Debug|Any CPU.Build.0 = Debug|Any CPU
		{17A7DAF7-985E-4BFE-91D4-D6A80D394DAC}.Release|Any CPU.ActiveCfg = Release|Any CPU
		{17A7DAF7-985E-4BFE-91D4-D6A80D394DAC}.Release|Any CPU.Build.0 = Release|Any CPU
		{7AAA4B33-8B7F-4056-A6F6-88B628A2B6BC}.Debug|Any CPU.ActiveCfg = Debug|Any CPU
		{7AAA4B33-8B7F-4056-A6F6-88B628A2B6BC}.Debug|Any CPU.Build.0 = Debug|Any CPU
		{7AAA4B33-8B7F-4056-A6F6-88B628A2B6BC}.Release|Any CPU.ActiveCfg = Release|Any CPU
		{7AAA4B33-8B7F-4056-A6F6-88B628A2B6BC}.Release|Any CPU.Build.0 = Release|Any CPU
		{5207F48F-2F9C-44F6-9F62-2BD17C58A8C0}.Debug|Any CPU.ActiveCfg = Debug|Any CPU
		{5207F48F-2F9C-44F6-9F62-2BD17C58A8C0}.Debug|Any CPU.Build.0 = Debug|Any CPU
		{5207F48F-2F9C-44F6-9F62-2BD17C58A8C0}.Release|Any CPU.ActiveCfg = Release|Any CPU
		{5207F48F-2F9C-44F6-9F62-2BD17C58A8C0}.Release|Any CPU.Build.0 = Release|Any CPU
		{A5800750-BD7B-4987-ADBA-E9F944206640}.Debug|Any CPU.ActiveCfg = Debug|Any CPU
		{A5800750-BD7B-4987-ADBA-E9F944206640}.Debug|Any CPU.Build.0 = Debug|Any CPU
		{A5800750-BD7B-4987-ADBA-E9F944206640}.Release|Any CPU.ActiveCfg = Release|Any CPU
		{A5800750-BD7B-4987-ADBA-E9F944206640}.Release|Any CPU.Build.0 = Release|Any CPU
		{74DE86F0-2F9E-41FD-AEB6-709FF177CA24}.Debug|Any CPU.ActiveCfg = Debug|Any CPU
		{74DE86F0-2F9E-41FD-AEB6-709FF177CA24}.Debug|Any CPU.Build.0 = Debug|Any CPU
		{74DE86F0-2F9E-41FD-AEB6-709FF177CA24}.Release|Any CPU.ActiveCfg = Release|Any CPU
		{74DE86F0-2F9E-41FD-AEB6-709FF177CA24}.Release|Any CPU.Build.0 = Release|Any CPU
		{12EA7D60-B9B5-4833-924C-D3F9F6586A20}.Debug|Any CPU.ActiveCfg = Debug|Any CPU
		{12EA7D60-B9B5-4833-924C-D3F9F6586A20}.Debug|Any CPU.Build.0 = Debug|Any CPU
		{12EA7D60-B9B5-4833-924C-D3F9F6586A20}.Release|Any CPU.ActiveCfg = Release|Any CPU
		{12EA7D60-B9B5-4833-924C-D3F9F6586A20}.Release|Any CPU.Build.0 = Release|Any CPU
		{878D491A-F5CB-4BD9-A276-3C55C45B6EC7}.Debug|Any CPU.ActiveCfg = Debug|Any CPU
		{878D491A-F5CB-4BD9-A276-3C55C45B6EC7}.Debug|Any CPU.Build.0 = Debug|Any CPU
		{878D491A-F5CB-4BD9-A276-3C55C45B6EC7}.Release|Any CPU.ActiveCfg = Release|Any CPU
		{878D491A-F5CB-4BD9-A276-3C55C45B6EC7}.Release|Any CPU.Build.0 = Release|Any CPU
		{F720C648-171E-4E3C-BAE3-17C726C8EDB8}.Debug|Any CPU.ActiveCfg = Debug|Any CPU
		{F720C648-171E-4E3C-BAE3-17C726C8EDB8}.Debug|Any CPU.Build.0 = Debug|Any CPU
		{F720C648-171E-4E3C-BAE3-17C726C8EDB8}.Release|Any CPU.ActiveCfg = Release|Any CPU
		{F720C648-171E-4E3C-BAE3-17C726C8EDB8}.Release|Any CPU.Build.0 = Release|Any CPU
		{1D1FB442-F609-49CE-8F88-3754E340358B}.Debug|Any CPU.ActiveCfg = Debug|Any CPU
		{1D1FB442-F609-49CE-8F88-3754E340358B}.Debug|Any CPU.Build.0 = Debug|Any CPU
		{1D1FB442-F609-49CE-8F88-3754E340358B}.Release|Any CPU.ActiveCfg = Release|Any CPU
		{1D1FB442-F609-49CE-8F88-3754E340358B}.Release|Any CPU.Build.0 = Release|Any CPU
		{F828AD64-A0C5-463D-A45A-6E395774790D}.Debug|Any CPU.ActiveCfg = Debug|Any CPU
		{F828AD64-A0C5-463D-A45A-6E395774790D}.Debug|Any CPU.Build.0 = Debug|Any CPU
		{F828AD64-A0C5-463D-A45A-6E395774790D}.Release|Any CPU.ActiveCfg = Release|Any CPU
		{F828AD64-A0C5-463D-A45A-6E395774790D}.Release|Any CPU.Build.0 = Release|Any CPU
		{827A1734-CAE4-484E-9C46-04D20D063EE0}.Debug|Any CPU.ActiveCfg = Debug|Any CPU
		{827A1734-CAE4-484E-9C46-04D20D063EE0}.Debug|Any CPU.Build.0 = Debug|Any CPU
		{827A1734-CAE4-484E-9C46-04D20D063EE0}.Release|Any CPU.ActiveCfg = Release|Any CPU
		{827A1734-CAE4-484E-9C46-04D20D063EE0}.Release|Any CPU.Build.0 = Release|Any CPU
		{404CB5A1-6905-42FE-9CA3-6480AE573707}.Debug|Any CPU.ActiveCfg = Debug|Any CPU
		{404CB5A1-6905-42FE-9CA3-6480AE573707}.Debug|Any CPU.Build.0 = Debug|Any CPU
		{404CB5A1-6905-42FE-9CA3-6480AE573707}.Release|Any CPU.ActiveCfg = Release|Any CPU
		{404CB5A1-6905-42FE-9CA3-6480AE573707}.Release|Any CPU.Build.0 = Release|Any CPU
	EndGlobalSection
	GlobalSection(SolutionProperties) = preSolution
		HideSolutionNode = FALSE
	EndGlobalSection
	GlobalSection(NestedProjects) = preSolution
		{5207F48F-2F9C-44F6-9F62-2BD17C58A8C0} = {F0EE5761-B852-43D1-B27A-5837CD5DD97E}
		{A5800750-BD7B-4987-ADBA-E9F944206640} = {F0EE5761-B852-43D1-B27A-5837CD5DD97E}
		{74DE86F0-2F9E-41FD-AEB6-709FF177CA24} = {F0EE5761-B852-43D1-B27A-5837CD5DD97E}
		{12EA7D60-B9B5-4833-924C-D3F9F6586A20} = {F0EE5761-B852-43D1-B27A-5837CD5DD97E}
		{878D491A-F5CB-4BD9-A276-3C55C45B6EC7} = {F0EE5761-B852-43D1-B27A-5837CD5DD97E}
		{F720C648-171E-4E3C-BAE3-17C726C8EDB8} = {F0EE5761-B852-43D1-B27A-5837CD5DD97E}
		{1D1FB442-F609-49CE-8F88-3754E340358B} = {F0EE5761-B852-43D1-B27A-5837CD5DD97E}
		{F828AD64-A0C5-463D-A45A-6E395774790D} = {F0EE5761-B852-43D1-B27A-5837CD5DD97E}
		{827A1734-CAE4-484E-9C46-04D20D063EE0} = {F0EE5761-B852-43D1-B27A-5837CD5DD97E}
		{404CB5A1-6905-42FE-9CA3-6480AE573707} = {F0EE5761-B852-43D1-B27A-5837CD5DD97E}
	EndGlobalSection
	GlobalSection(ExtensibilityGlobals) = postSolution
		SolutionGuid = {AC1D5E23-B839-4508-BF7E-42968BBA0A91}
	EndGlobalSection
EndGlobal
